// !$*UTF8*$!
{
	archiveVersion = 1;
	classes = {
	};
	objectVersion = 46;
	objects = {

/* Begin PBXBuildFile section */
		88A864F91ED600E700989CF2 /* AppDelegate.swift in Sources */ = {isa = PBXBuildFile; fileRef = 88A864F81ED600E700989CF2 /* AppDelegate.swift */; };
		88A864FB1ED600E700989CF2 /* ViewController.swift in Sources */ = {isa = PBXBuildFile; fileRef = 88A864FA1ED600E700989CF2 /* ViewController.swift */; };
		88A864FE1ED600E700989CF2 /* Main.storyboard in Resources */ = {isa = PBXBuildFile; fileRef = 88A864FC1ED600E700989CF2 /* Main.storyboard */; };
		88A865001ED600E700989CF2 /* Assets.xcassets in Resources */ = {isa = PBXBuildFile; fileRef = 88A864FF1ED600E700989CF2 /* Assets.xcassets */; };
		88A865031ED600E700989CF2 /* LaunchScreen.storyboard in Resources */ = {isa = PBXBuildFile; fileRef = 88A865011ED600E700989CF2 /* LaunchScreen.storyboard */; };
		88A8650E1ED600E700989CF2 /* MoneyTests.swift in Sources */ = {isa = PBXBuildFile; fileRef = 88A8650D1ED600E700989CF2 /* MoneyTests.swift */; };
		88BC29AA1EDA0857000FFA66 /* WadTests.swift in Sources */ = {isa = PBXBuildFile; fileRef = 88BC29A91EDA0857000FFA66 /* WadTests.swift */; };
		88BC29B71EDA33A1000FFA66 /* Money.swift in Sources */ = {isa = PBXBuildFile; fileRef = 88BC29AD1EDA0A6C000FFA66 /* Money.swift */; };
		88BC29B81EDA33A1000FFA66 /* Bill.swift in Sources */ = {isa = PBXBuildFile; fileRef = 88A865181ED603FF00989CF2 /* Bill.swift */; };
		88BC29B91EDA33A1000FFA66 /* Wad.swift in Sources */ = {isa = PBXBuildFile; fileRef = 88BC29AF1EDA0A92000FFA66 /* Wad.swift */; };
		88BC29BA1EDA33A1000FFA66 /* Broker.swift in Sources */ = {isa = PBXBuildFile; fileRef = 88124D841ED753BE008EEE6F /* Broker.swift */; };
/* End PBXBuildFile section */

/* Begin PBXContainerItemProxy section */
		88A8650A1ED600E700989CF2 /* PBXContainerItemProxy */ = {
			isa = PBXContainerItemProxy;
			containerPortal = 88A864ED1ED600E700989CF2 /* Project object */;
			proxyType = 1;
			remoteGlobalIDString = 88A864F41ED600E700989CF2;
			remoteInfo = Money;
		};
/* End PBXContainerItemProxy section */

/* Begin PBXFileReference section */
		88124D841ED753BE008EEE6F /* Broker.swift */ = {isa = PBXFileReference; fileEncoding = 4; lastKnownFileType = sourcecode.swift; path = Broker.swift; sourceTree = "<group>"; };
		88A864F51ED600E700989CF2 /* Money.app */ = {isa = PBXFileReference; explicitFileType = wrapper.application; includeInIndex = 0; path = Money.app; sourceTree = BUILT_PRODUCTS_DIR; };
		88A864F81ED600E700989CF2 /* AppDelegate.swift */ = {isa = PBXFileReference; lastKnownFileType = sourcecode.swift; path = AppDelegate.swift; sourceTree = "<group>"; };
		88A864FA1ED600E700989CF2 /* ViewController.swift */ = {isa = PBXFileReference; lastKnownFileType = sourcecode.swift; path = ViewController.swift; sourceTree = "<group>"; };
		88A864FD1ED600E700989CF2 /* Base */ = {isa = PBXFileReference; lastKnownFileType = file.storyboard; name = Base; path = Base.lproj/Main.storyboard; sourceTree = "<group>"; };
		88A864FF1ED600E700989CF2 /* Assets.xcassets */ = {isa = PBXFileReference; lastKnownFileType = folder.assetcatalog; path = Assets.xcassets; sourceTree = "<group>"; };
		88A865021ED600E700989CF2 /* Base */ = {isa = PBXFileReference; lastKnownFileType = file.storyboard; name = Base; path = Base.lproj/LaunchScreen.storyboard; sourceTree = "<group>"; };
		88A865041ED600E700989CF2 /* Info.plist */ = {isa = PBXFileReference; lastKnownFileType = text.plist.xml; path = Info.plist; sourceTree = "<group>"; };
		88A865091ED600E700989CF2 /* MoneyTests.xctest */ = {isa = PBXFileReference; explicitFileType = wrapper.cfbundle; includeInIndex = 0; path = MoneyTests.xctest; sourceTree = BUILT_PRODUCTS_DIR; };
		88A8650D1ED600E700989CF2 /* MoneyTests.swift */ = {isa = PBXFileReference; lastKnownFileType = sourcecode.swift; path = MoneyTests.swift; sourceTree = "<group>"; };
		88A8650F1ED600E700989CF2 /* Info.plist */ = {isa = PBXFileReference; lastKnownFileType = text.plist.xml; path = Info.plist; sourceTree = "<group>"; };
		88A865181ED603FF00989CF2 /* Bill.swift */ = {isa = PBXFileReference; fileEncoding = 4; lastKnownFileType = sourcecode.swift; path = Bill.swift; sourceTree = "<group>"; };
		88BC29A91EDA0857000FFA66 /* WadTests.swift */ = {isa = PBXFileReference; fileEncoding = 4; lastKnownFileType = sourcecode.swift; path = WadTests.swift; sourceTree = "<group>"; };
		88BC29AD1EDA0A6C000FFA66 /* Money.swift */ = {isa = PBXFileReference; fileEncoding = 4; lastKnownFileType = sourcecode.swift; path = Money.swift; sourceTree = "<group>"; };
		88BC29AF1EDA0A92000FFA66 /* Wad.swift */ = {isa = PBXFileReference; fileEncoding = 4; lastKnownFileType = sourcecode.swift; path = Wad.swift; sourceTree = "<group>"; };
/* End PBXFileReference section */

/* Begin PBXFrameworksBuildPhase section */
		88A864F21ED600E700989CF2 /* Frameworks */ = {
			isa = PBXFrameworksBuildPhase;
			buildActionMask = 2147483647;
			files = (
			);
			runOnlyForDeploymentPostprocessing = 0;
		};
		88A865061ED600E700989CF2 /* Frameworks */ = {
			isa = PBXFrameworksBuildPhase;
			buildActionMask = 2147483647;
			files = (
			);
			runOnlyForDeploymentPostprocessing = 0;
		};
/* End PBXFrameworksBuildPhase section */

/* Begin PBXGroup section */
		88A864EC1ED600E700989CF2 = {
			isa = PBXGroup;
			children = (
				88A864F71ED600E700989CF2 /* Money */,
				88A8650C1ED600E700989CF2 /* MoneyTests */,
				88A864F61ED600E700989CF2 /* Products */,
			);
			sourceTree = "<group>";
		};
		88A864F61ED600E700989CF2 /* Products */ = {
			isa = PBXGroup;
			children = (
				88A864F51ED600E700989CF2 /* Money.app */,
				88A865091ED600E700989CF2 /* MoneyTests.xctest */,
			);
			name = Products;
			sourceTree = "<group>";
		};
		88A864F71ED600E700989CF2 /* Money */ = {
			isa = PBXGroup;
			children = (
				88A864F81ED600E700989CF2 /* AppDelegate.swift */,
				88BC29B21EDA0AC0000FFA66 /* Model */,
				88BC29B31EDA0AF5000FFA66 /* View */,
				88BC29B51EDA0B11000FFA66 /* Controller */,
				88BC29B41EDA0B05000FFA66 /* Resources */,
			);
			path = Money;
			sourceTree = "<group>";
		};
		88A8650C1ED600E700989CF2 /* MoneyTests */ = {
			isa = PBXGroup;
			children = (
				88A8650D1ED600E700989CF2 /* MoneyTests.swift */,
				88BC29A91EDA0857000FFA66 /* WadTests.swift */,
				88A8650F1ED600E700989CF2 /* Info.plist */,
			);
			path = MoneyTests;
			sourceTree = "<group>";
		};
		88BC29B21EDA0AC0000FFA66 /* Model */ = {
			isa = PBXGroup;
			children = (
				88BC29AD1EDA0A6C000FFA66 /* Money.swift */,
				88A865181ED603FF00989CF2 /* Bill.swift */,
				88BC29AF1EDA0A92000FFA66 /* Wad.swift */,
				88124D841ED753BE008EEE6F /* Broker.swift */,
			);
			name = Model;
			sourceTree = "<group>";
		};
		88BC29B31EDA0AF5000FFA66 /* View */ = {
			isa = PBXGroup;
			children = (
				88A864FC1ED600E700989CF2 /* Main.storyboard */,
				88A865011ED600E700989CF2 /* LaunchScreen.storyboard */,
			);
			name = View;
			sourceTree = "<group>";
		};
		88BC29B41EDA0B05000FFA66 /* Resources */ = {
			isa = PBXGroup;
			children = (
				88A864FF1ED600E700989CF2 /* Assets.xcassets */,
				88A865041ED600E700989CF2 /* Info.plist */,
			);
			name = Resources;
			sourceTree = "<group>";
		};
		88BC29B51EDA0B11000FFA66 /* Controller */ = {
			isa = PBXGroup;
			children = (
				88A864FA1ED600E700989CF2 /* ViewController.swift */,
			);
			name = Controller;
			sourceTree = "<group>";
		};
/* End PBXGroup section */

/* Begin PBXNativeTarget section */
		88A864F41ED600E700989CF2 /* Money */ = {
			isa = PBXNativeTarget;
			buildConfigurationList = 88A865121ED600E700989CF2 /* Build configuration list for PBXNativeTarget "Money" */;
			buildPhases = (
				88A864F11ED600E700989CF2 /* Sources */,
				88A864F21ED600E700989CF2 /* Frameworks */,
				88A864F31ED600E700989CF2 /* Resources */,
			);
			buildRules = (
			);
			dependencies = (
			);
			name = Money;
			productName = Money;
			productReference = 88A864F51ED600E700989CF2 /* Money.app */;
			productType = "com.apple.product-type.application";
		};
		88A865081ED600E700989CF2 /* MoneyTests */ = {
			isa = PBXNativeTarget;
			buildConfigurationList = 88A865151ED600E700989CF2 /* Build configuration list for PBXNativeTarget "MoneyTests" */;
			buildPhases = (
				88A865051ED600E700989CF2 /* Sources */,
				88A865061ED600E700989CF2 /* Frameworks */,
				88A865071ED600E700989CF2 /* Resources */,
			);
			buildRules = (
			);
			dependencies = (
				88A8650B1ED600E700989CF2 /* PBXTargetDependency */,
			);
			name = MoneyTests;
			productName = MoneyTests;
			productReference = 88A865091ED600E700989CF2 /* MoneyTests.xctest */;
			productType = "com.apple.product-type.bundle.unit-test";
		};
/* End PBXNativeTarget section */

/* Begin PBXProject section */
		88A864ED1ED600E700989CF2 /* Project object */ = {
			isa = PBXProject;
			attributes = {
				LastSwiftUpdateCheck = 0830;
				LastUpgradeCheck = 0830;
				ORGANIZATIONNAME = ESoft;
				TargetAttributes = {
					88A864F41ED600E700989CF2 = {
						CreatedOnToolsVersion = 8.3.2;
						DevelopmentTeam = 69A85A3TC3;
						ProvisioningStyle = Automatic;
					};
					88A865081ED600E700989CF2 = {
						CreatedOnToolsVersion = 8.3.2;
						DevelopmentTeam = 69A85A3TC3;
						ProvisioningStyle = Automatic;
						TestTargetID = 88A864F41ED600E700989CF2;
					};
				};
			};
			buildConfigurationList = 88A864F01ED600E700989CF2 /* Build configuration list for PBXProject "Money" */;
			compatibilityVersion = "Xcode 3.2";
			developmentRegion = English;
			hasScannedForEncodings = 0;
			knownRegions = (
				en,
				Base,
			);
			mainGroup = 88A864EC1ED600E700989CF2;
			productRefGroup = 88A864F61ED600E700989CF2 /* Products */;
			projectDirPath = "";
			projectRoot = "";
			targets = (
				88A864F41ED600E700989CF2 /* Money */,
				88A865081ED600E700989CF2 /* MoneyTests */,
			);
		};
/* End PBXProject section */

/* Begin PBXResourcesBuildPhase section */
		88A864F31ED600E700989CF2 /* Resources */ = {
			isa = PBXResourcesBuildPhase;
			buildActionMask = 2147483647;
			files = (
				88A865031ED600E700989CF2 /* LaunchScreen.storyboard in Resources */,
				88A865001ED600E700989CF2 /* Assets.xcassets in Resources */,
				88A864FE1ED600E700989CF2 /* Main.storyboard in Resources */,
			);
			runOnlyForDeploymentPostprocessing = 0;
		};
		88A865071ED600E700989CF2 /* Resources */ = {
			isa = PBXResourcesBuildPhase;
			buildActionMask = 2147483647;
			files = (
			);
			runOnlyForDeploymentPostprocessing = 0;
		};
/* End PBXResourcesBuildPhase section */

/* Begin PBXSourcesBuildPhase section */
		88A864F11ED600E700989CF2 /* Sources */ = {
			isa = PBXSourcesBuildPhase;
			buildActionMask = 2147483647;
			files = (
				88BC29B81EDA33A1000FFA66 /* Bill.swift in Sources */,
				88BC29B71EDA33A1000FFA66 /* Money.swift in Sources */,
				88A864FB1ED600E700989CF2 /* ViewController.swift in Sources */,
				88BC29B91EDA33A1000FFA66 /* Wad.swift in Sources */,
				88BC29BA1EDA33A1000FFA66 /* Broker.swift in Sources */,
				88A864F91ED600E700989CF2 /* AppDelegate.swift in Sources */,
			);
			runOnlyForDeploymentPostprocessing = 0;
		};
		88A865051ED600E700989CF2 /* Sources */ = {
			isa = PBXSourcesBuildPhase;
			buildActionMask = 2147483647;
			files = (
				88BC29AA1EDA0857000FFA66 /* WadTests.swift in Sources */,
				88A8650E1ED600E700989CF2 /* MoneyTests.swift in Sources */,
			);
			runOnlyForDeploymentPostprocessing = 0;
		};
/* End PBXSourcesBuildPhase section */

/* Begin PBXTargetDependency section */
		88A8650B1ED600E700989CF2 /* PBXTargetDependency */ = {
			isa = PBXTargetDependency;
			target = 88A864F41ED600E700989CF2 /* Money */;
			targetProxy = 88A8650A1ED600E700989CF2 /* PBXContainerItemProxy */;
		};
/* End PBXTargetDependency section */

/* Begin PBXVariantGroup section */
		88A864FC1ED600E700989CF2 /* Main.storyboard */ = {
			isa = PBXVariantGroup;
			children = (
				88A864FD1ED600E700989CF2 /* Base */,
			);
			name = Main.storyboard;
			sourceTree = "<group>";
		};
		88A865011ED600E700989CF2 /* LaunchScreen.storyboard */ = {
			isa = PBXVariantGroup;
			children = (
				88A865021ED600E700989CF2 /* Base */,
			);
			name = LaunchScreen.storyboard;
			sourceTree = "<group>";
		};
/* End PBXVariantGroup section */

/* Begin XCBuildConfiguration section */
		88A865101ED600E700989CF2 /* Debug */ = {
			isa = XCBuildConfiguration;
			buildSettings = {
				ALWAYS_SEARCH_USER_PATHS = NO;
				CLANG_ANALYZER_NONNULL = YES;
				CLANG_ANALYZER_NUMBER_OBJECT_CONVERSION = YES_AGGRESSIVE;
				CLANG_CXX_LANGUAGE_STANDARD = "gnu++0x";
				CLANG_CXX_LIBRARY = "libc++";
				CLANG_ENABLE_MODULES = YES;
				CLANG_ENABLE_OBJC_ARC = YES;
				CLANG_WARN_BOOL_CONVERSION = YES;
				CLANG_WARN_CONSTANT_CONVERSION = YES;
				CLANG_WARN_DIRECT_OBJC_ISA_USAGE = YES_ERROR;
				CLANG_WARN_DOCUMENTATION_COMMENTS = YES;
				CLANG_WARN_EMPTY_BODY = YES;
				CLANG_WARN_ENUM_CONVERSION = YES;
				CLANG_WARN_INFINITE_RECURSION = YES;
				CLANG_WARN_INT_CONVERSION = YES;
				CLANG_WARN_OBJC_ROOT_CLASS = YES_ERROR;
				CLANG_WARN_SUSPICIOUS_MOVE = YES;
				CLANG_WARN_UNREACHABLE_CODE = YES;
				CLANG_WARN__DUPLICATE_METHOD_MATCH = YES;
				"CODE_SIGN_IDENTITY[sdk=iphoneos*]" = "iPhone Developer";
				COPY_PHASE_STRIP = NO;
				DEBUG_INFORMATION_FORMAT = dwarf;
				ENABLE_STRICT_OBJC_MSGSEND = YES;
				ENABLE_TESTABILITY = YES;
				GCC_C_LANGUAGE_STANDARD = gnu99;
				GCC_DYNAMIC_NO_PIC = NO;
				GCC_NO_COMMON_BLOCKS = YES;
				GCC_OPTIMIZATION_LEVEL = 0;
				GCC_PREPROCESSOR_DEFINITIONS = (
					"DEBUG=1",
					"$(inherited)",
				);
				GCC_WARN_64_TO_32_BIT_CONVERSION = YES;
				GCC_WARN_ABOUT_RETURN_TYPE = YES_ERROR;
				GCC_WARN_UNDECLARED_SELECTOR = YES;
				GCC_WARN_UNINITIALIZED_AUTOS = YES_AGGRESSIVE;
				GCC_WARN_UNUSED_FUNCTION = YES;
				GCC_WARN_UNUSED_VARIABLE = YES;
				IPHONEOS_DEPLOYMENT_TARGET = 10.3;
				MTL_ENABLE_DEBUG_INFO = YES;
				ONLY_ACTIVE_ARCH = YES;
				SDKROOT = iphoneos;
				SWIFT_ACTIVE_COMPILATION_CONDITIONS = DEBUG;
				SWIFT_OPTIMIZATION_LEVEL = "-Onone";
			};
			name = Debug;
		};
		88A865111ED600E700989CF2 /* Release */ = {
			isa = XCBuildConfiguration;
			buildSettings = {
				ALWAYS_SEARCH_USER_PATHS = NO;
				CLANG_ANALYZER_NONNULL = YES;
				CLANG_ANALYZER_NUMBER_OBJECT_CONVERSION = YES_AGGRESSIVE;
				CLANG_CXX_LANGUAGE_STANDARD = "gnu++0x";
				CLANG_CXX_LIBRARY = "libc++";
				CLANG_ENABLE_MODULES = YES;
				CLANG_ENABLE_OBJC_ARC = YES;
				CLANG_WARN_BOOL_CONVERSION = YES;
				CLANG_WARN_CONSTANT_CONVERSION = YES;
				CLANG_WARN_DIRECT_OBJC_ISA_USAGE = YES_ERROR;
				CLANG_WARN_DOCUMENTATION_COMMENTS = YES;
				CLANG_WARN_EMPTY_BODY = YES;
				CLANG_WARN_ENUM_CONVERSION = YES;
				CLANG_WARN_INFINITE_RECURSION = YES;
				CLANG_WARN_INT_CONVERSION = YES;
				CLANG_WARN_OBJC_ROOT_CLASS = YES_ERROR;
				CLANG_WARN_SUSPICIOUS_MOVE = YES;
				CLANG_WARN_UNREACHABLE_CODE = YES;
				CLANG_WARN__DUPLICATE_METHOD_MATCH = YES;
				"CODE_SIGN_IDENTITY[sdk=iphoneos*]" = "iPhone Developer";
				COPY_PHASE_STRIP = NO;
				DEBUG_INFORMATION_FORMAT = "dwarf-with-dsym";
				ENABLE_NS_ASSERTIONS = NO;
				ENABLE_STRICT_OBJC_MSGSEND = YES;
				GCC_C_LANGUAGE_STANDARD = gnu99;
				GCC_NO_COMMON_BLOCKS = YES;
				GCC_WARN_64_TO_32_BIT_CONVERSION = YES;
				GCC_WARN_ABOUT_RETURN_TYPE = YES_ERROR;
				GCC_WARN_UNDECLARED_SELECTOR = YES;
				GCC_WARN_UNINITIALIZED_AUTOS = YES_AGGRESSIVE;
				GCC_WARN_UNUSED_FUNCTION = YES;
				GCC_WARN_UNUSED_VARIABLE = YES;
				IPHONEOS_DEPLOYMENT_TARGET = 10.3;
				MTL_ENABLE_DEBUG_INFO = NO;
				SDKROOT = iphoneos;
				SWIFT_OPTIMIZATION_LEVEL = "-Owholemodule";
				VALIDATE_PRODUCT = YES;
			};
			name = Release;
		};
		88A865131ED600E700989CF2 /* Debug */ = {
			isa = XCBuildConfiguration;
			buildSettings = {
				ASSETCATALOG_COMPILER_APPICON_NAME = AppIcon;
				DEVELOPMENT_TEAM = 69A85A3TC3;
				INFOPLIST_FILE = Money/Info.plist;
				LD_RUNPATH_SEARCH_PATHS = "$(inherited) @executable_path/Frameworks";
				PRODUCT_BUNDLE_IDENTIFIER = com.emprendesoft.Money;
				PRODUCT_NAME = "$(TARGET_NAME)";
				SWIFT_VERSION = 3.0;
			};
			name = Debug;
		};
		88A865141ED600E700989CF2 /* Release */ = {
			isa = XCBuildConfiguration;
			buildSettings = {
				ASSETCATALOG_COMPILER_APPICON_NAME = AppIcon;
				DEVELOPMENT_TEAM = 69A85A3TC3;
				INFOPLIST_FILE = Money/Info.plist;
				LD_RUNPATH_SEARCH_PATHS = "$(inherited) @executable_path/Frameworks";
				PRODUCT_BUNDLE_IDENTIFIER = com.emprendesoft.Money;
				PRODUCT_NAME = "$(TARGET_NAME)";
				SWIFT_VERSION = 3.0;
			};
			name = Release;
		};
		88A865161ED600E700989CF2 /* Debug */ = {
			isa = XCBuildConfiguration;
			buildSettings = {
				ALWAYS_EMBED_SWIFT_STANDARD_LIBRARIES = YES;
				BUNDLE_LOADER = "$(TEST_HOST)";
				DEVELOPMENT_TEAM = 69A85A3TC3;
				INFOPLIST_FILE = MoneyTests/Info.plist;
				LD_RUNPATH_SEARCH_PATHS = "$(inherited) @executable_path/Frameworks @loader_path/Frameworks";
				PRODUCT_BUNDLE_IDENTIFIER = com.emprendesoft.MoneyTests;
				PRODUCT_NAME = "$(TARGET_NAME)";
				SWIFT_VERSION = 3.0;
				TEST_HOST = "$(BUILT_PRODUCTS_DIR)/Money.app/Money";
			};
			name = Debug;
		};
		88A865171ED600E700989CF2 /* Release */ = {
			isa = XCBuildConfiguration;
			buildSettings = {
				ALWAYS_EMBED_SWIFT_STANDARD_LIBRARIES = YES;
				BUNDLE_LOADER = "$(TEST_HOST)";
				DEVELOPMENT_TEAM = 69A85A3TC3;
				INFOPLIST_FILE = MoneyTests/Info.plist;
				LD_RUNPATH_SEARCH_PATHS = "$(inherited) @executable_path/Frameworks @loader_path/Frameworks";
				PRODUCT_BUNDLE_IDENTIFIER = com.emprendesoft.MoneyTests;
				PRODUCT_NAME = "$(TARGET_NAME)";
				SWIFT_VERSION = 3.0;
				TEST_HOST = "$(BUILT_PRODUCTS_DIR)/Money.app/Money";
			};
			name = Release;
		};
/* End XCBuildConfiguration section */

/* Begin XCConfigurationList section */
		88A864F01ED600E700989CF2 /* Build configuration list for PBXProject "Money" */ = {
			isa = XCConfigurationList;
			buildConfigurations = (
				88A865101ED600E700989CF2 /* Debug */,
				88A865111ED600E700989CF2 /* Release */,
			);
			defaultConfigurationIsVisible = 0;
			defaultConfigurationName = Release;
		};
		88A865121ED600E700989CF2 /* Build configuration list for PBXNativeTarget "Money" */ = {
			isa = XCConfigurationList;
			buildConfigurations = (
				88A865131ED600E700989CF2 /* Debug */,
				88A865141ED600E700989CF2 /* Release */,
			);
			defaultConfigurationIsVisible = 0;
			defaultConfigurationName = Release;
		};
		88A865151ED600E700989CF2 /* Build configuration list for PBXNativeTarget "MoneyTests" */ = {
			isa = XCConfigurationList;
			buildConfigurations = (
				88A865161ED600E700989CF2 /* Debug */,
				88A865171ED600E700989CF2 /* Release */,
			);
			defaultConfigurationIsVisible = 0;
			defaultConfigurationName = Release;
		};
/* End XCConfigurationList section */
	};
	rootObject = 88A864ED1ED600E700989CF2 /* Project object */;
}
